{
    "_meta": {
        "hash": {
            "sha256": "acbcdb477b57b6a18b6f98e7c3468b08bc46edbb8404e022adab8f42a72e967a"
        },
        "pipfile-spec": 6,
        "requires": {
            "python_version": "3.9"
        },
        "sources": [
            {
                "name": "pypi",
                "url": "https://pypi.org/simple",
                "verify_ssl": true
            }
        ]
    },
    "default": {
        "colorama": {
            "hashes": [
                "sha256:08695f5cb7ed6e0531a20572697297273c47b8cae5a63ffc6d6ed5c201be6e44",
                "sha256:4f1d9991f5acc0ca119f9d443620b77f9d6b33703e51011c16baf57afb285fc6"
            ],
            "index": "pypi",
            "version": "==0.4.6"
        },
        "jsonstrip": {
            "hashes": [
                "sha256:cc32ed54e7ff552d2ab3253a5d7900ea5a3052a7ca339832ea5f418aad9136ac"
            ],
            "index": "pypi",
            "version": "==22.10.20"
        },
        "urllib3": {
            "hashes": [
                "sha256:8d22f86aae8ef5e410d4f539fde9ce6b2113a001bb4d189e0aed70642d602b11",
                "sha256:de7df1803967d2c2a98e4b11bb7d6bd9210474c46e8a0401514e3a42a75ebde4"
            ],
            "index": "pypi",
            "version": "==2.0.4"
        }
    },
    "develop": {}
}
